// !$*UTF8*$!
{
	archiveVersion = 1;
	classes = {
	};
	objectVersion = 46;
	objects = {

/* Begin PBXBuildFile section */
		73004DFE192F1DD100A3A8F0 /* Photo.m in Sources */ = {isa = PBXBuildFile; fileRef = 73004DFD192F1DD100A3A8F0 /* Photo.m */; };
		73004E01192F1DD100A3A8F0 /* Album.m in Sources */ = {isa = PBXBuildFile; fileRef = 73004E00192F1DD100A3A8F0 /* Album.m */; };
		73004E05192F1FFF00A3A8F0 /* TWPictureDataTransformer.m in Sources */ = {isa = PBXBuildFile; fileRef = 73004E04192F1FFF00A3A8F0 /* TWPictureDataTransformer.m */; };
		73004E08192F29A500A3A8F0 /* TWPhotoDetailViewController.m in Sources */ = {isa = PBXBuildFile; fileRef = 73004E07192F29A500A3A8F0 /* TWPhotoDetailViewController.m */; };
		73004E0B192F2FAB00A3A8F0 /* TWFiltersCollectionViewController.m in Sources */ = {isa = PBXBuildFile; fileRef = 73004E0A192F2FAB00A3A8F0 /* TWFiltersCollectionViewController.m */; };
		73F0E4D7192DB74500980F25 /* Foundation.framework in Frameworks */ = {isa = PBXBuildFile; fileRef = 73F0E4D6192DB74500980F25 /* Foundation.framework */; };
		73F0E4D9192DB74500980F25 /* CoreGraphics.framework in Frameworks */ = {isa = PBXBuildFile; fileRef = 73F0E4D8192DB74500980F25 /* CoreGraphics.framework */; };
		73F0E4DB192DB74500980F25 /* UIKit.framework in Frameworks */ = {isa = PBXBuildFile; fileRef = 73F0E4DA192DB74500980F25 /* UIKit.framework */; };
		73F0E4DD192DB74500980F25 /* CoreData.framework in Frameworks */ = {isa = PBXBuildFile; fileRef = 73F0E4DC192DB74500980F25 /* CoreData.framework */; };
		73F0E4E3192DB74500980F25 /* InfoPlist.strings in Resources */ = {isa = PBXBuildFile; fileRef = 73F0E4E1192DB74500980F25 /* InfoPlist.strings */; };
		73F0E4E5192DB74500980F25 /* main.m in Sources */ = {isa = PBXBuildFile; fileRef = 73F0E4E4192DB74500980F25 /* main.m */; };
		73F0E4E9192DB74500980F25 /* TWAppDelegate.m in Sources */ = {isa = PBXBuildFile; fileRef = 73F0E4E8192DB74500980F25 /* TWAppDelegate.m */; };
		73F0E4EC192DB74500980F25 /* Thousand_Words.xcdatamodeld in Sources */ = {isa = PBXBuildFile; fileRef = 73F0E4EA192DB74500980F25 /* Thousand_Words.xcdatamodeld */; };
		73F0E4EE192DB74500980F25 /* Images.xcassets in Resources */ = {isa = PBXBuildFile; fileRef = 73F0E4ED192DB74500980F25 /* Images.xcassets */; };
		73F0E4F5192DB74500980F25 /* XCTest.framework in Frameworks */ = {isa = PBXBuildFile; fileRef = 73F0E4F4192DB74500980F25 /* XCTest.framework */; };
		73F0E4F6192DB74500980F25 /* Foundation.framework in Frameworks */ = {isa = PBXBuildFile; fileRef = 73F0E4D6192DB74500980F25 /* Foundation.framework */; };
		73F0E4F7192DB74500980F25 /* UIKit.framework in Frameworks */ = {isa = PBXBuildFile; fileRef = 73F0E4DA192DB74500980F25 /* UIKit.framework */; };
		73F0E4F8192DB74500980F25 /* CoreData.framework in Frameworks */ = {isa = PBXBuildFile; fileRef = 73F0E4DC192DB74500980F25 /* CoreData.framework */; };
		73F0E500192DB74500980F25 /* InfoPlist.strings in Resources */ = {isa = PBXBuildFile; fileRef = 73F0E4FE192DB74500980F25 /* InfoPlist.strings */; };
		73F0E502192DB74500980F25 /* Thousand_WordsTests.m in Sources */ = {isa = PBXBuildFile; fileRef = 73F0E501192DB74500980F25 /* Thousand_WordsTests.m */; };
		73F0E50C192DB95900980F25 /* Storyboard.storyboard in Resources */ = {isa = PBXBuildFile; fileRef = 73F0E50B192DB95900980F25 /* Storyboard.storyboard */; };
		73F0E50F192DB9FA00980F25 /* TWAlbumTableViewController.m in Sources */ = {isa = PBXBuildFile; fileRef = 73F0E50E192DB9FA00980F25 /* TWAlbumTableViewController.m */; };
		73F0E515192DDDB400980F25 /* TWCoreDataHelper.m in Sources */ = {isa = PBXBuildFile; fileRef = 73F0E514192DDDB400980F25 /* TWCoreDataHelper.m */; };
		73F0E518192DE06D00980F25 /* TWPhotosCollectionViewController.m in Sources */ = {isa = PBXBuildFile; fileRef = 73F0E517192DE06D00980F25 /* TWPhotosCollectionViewController.m */; };
		73F0E51B192DF27F00980F25 /* TWPhotoCollectionViewCell.m in Sources */ = {isa = PBXBuildFile; fileRef = 73F0E51A192DF27F00980F25 /* TWPhotoCollectionViewCell.m */; };
		73F0E51D192DF4A100980F25 /* astronaut.jpg in Resources */ = {isa = PBXBuildFile; fileRef = 73F0E51C192DF4A100980F25 /* astronaut.jpg */; };
/* End PBXBuildFile section */

/* Begin PBXContainerItemProxy section */
		73F0E4F9192DB74500980F25 /* PBXContainerItemProxy */ = {
			isa = PBXContainerItemProxy;
			containerPortal = 73F0E4CB192DB74500980F25 /* Project object */;
			proxyType = 1;
			remoteGlobalIDString = 73F0E4D2192DB74500980F25;
			remoteInfo = "Thousand Words";
		};
/* End PBXContainerItemProxy section */

/* Begin PBXFileReference section */
		73004DFC192F1DD100A3A8F0 /* Photo.h */ = {isa = PBXFileReference; fileEncoding = 4; lastKnownFileType = sourcecode.c.h; path = Photo.h; sourceTree = "<group>"; };
		73004DFD192F1DD100A3A8F0 /* Photo.m */ = {isa = PBXFileReference; fileEncoding = 4; lastKnownFileType = sourcecode.c.objc; path = Photo.m; sourceTree = "<group>"; };
		73004DFF192F1DD100A3A8F0 /* Album.h */ = {isa = PBXFileReference; fileEncoding = 4; lastKnownFileType = sourcecode.c.h; path = Album.h; sourceTree = "<group>"; };
		73004E00192F1DD100A3A8F0 /* Album.m */ = {isa = PBXFileReference; fileEncoding = 4; lastKnownFileType = sourcecode.c.objc; path = Album.m; sourceTree = "<group>"; };
		73004E03192F1FFF00A3A8F0 /* TWPictureDataTransformer.h */ = {isa = PBXFileReference; fileEncoding = 4; lastKnownFileType = sourcecode.c.h; path = TWPictureDataTransformer.h; sourceTree = "<group>"; };
		73004E04192F1FFF00A3A8F0 /* TWPictureDataTransformer.m */ = {isa = PBXFileReference; fileEncoding = 4; lastKnownFileType = sourcecode.c.objc; path = TWPictureDataTransformer.m; sourceTree = "<group>"; };
		73004E06192F29A500A3A8F0 /* TWPhotoDetailViewController.h */ = {isa = PBXFileReference; fileEncoding = 4; lastKnownFileType = sourcecode.c.h; path = TWPhotoDetailViewController.h; sourceTree = "<group>"; };
		73004E07192F29A500A3A8F0 /* TWPhotoDetailViewController.m */ = {isa = PBXFileReference; fileEncoding = 4; lastKnownFileType = sourcecode.c.objc; path = TWPhotoDetailViewController.m; sourceTree = "<group>"; };
		73004E09192F2FAB00A3A8F0 /* TWFiltersCollectionViewController.h */ = {isa = PBXFileReference; fileEncoding = 4; lastKnownFileType = sourcecode.c.h; path = TWFiltersCollectionViewController.h; sourceTree = "<group>"; };
		73004E0A192F2FAB00A3A8F0 /* TWFiltersCollectionViewController.m */ = {isa = PBXFileReference; fileEncoding = 4; lastKnownFileType = sourcecode.c.objc; path = TWFiltersCollectionViewController.m; sourceTree = "<group>"; };
		73F0E4D3192DB74500980F25 /* Thousand Words.app */ = {isa = PBXFileReference; explicitFileType = wrapper.application; includeInIndex = 0; path = "Thousand Words.app"; sourceTree = BUILT_PRODUCTS_DIR; };
		73F0E4D6192DB74500980F25 /* Foundation.framework */ = {isa = PBXFileReference; lastKnownFileType = wrapper.framework; name = Foundation.framework; path = System/Library/Frameworks/Foundation.framework; sourceTree = SDKROOT; };
		73F0E4D8192DB74500980F25 /* CoreGraphics.framework */ = {isa = PBXFileReference; lastKnownFileType = wrapper.framework; name = CoreGraphics.framework; path = System/Library/Frameworks/CoreGraphics.framework; sourceTree = SDKROOT; };
		73F0E4DA192DB74500980F25 /* UIKit.framework */ = {isa = PBXFileReference; lastKnownFileType = wrapper.framework; name = UIKit.framework; path = System/Library/Frameworks/UIKit.framework; sourceTree = SDKROOT; };
		73F0E4DC192DB74500980F25 /* CoreData.framework */ = {isa = PBXFileReference; lastKnownFileType = wrapper.framework; name = CoreData.framework; path = System/Library/Frameworks/CoreData.framework; sourceTree = SDKROOT; };
		73F0E4E0192DB74500980F25 /* Thousand Words-Info.plist */ = {isa = PBXFileReference; lastKnownFileType = text.plist.xml; path = "Thousand Words-Info.plist"; sourceTree = "<group>"; };
		73F0E4E2192DB74500980F25 /* en */ = {isa = PBXFileReference; lastKnownFileType = text.plist.strings; name = en; path = en.lproj/InfoPlist.strings; sourceTree = "<group>"; };
		73F0E4E4192DB74500980F25 /* main.m */ = {isa = PBXFileReference; lastKnownFileType = sourcecode.c.objc; path = main.m; sourceTree = "<group>"; };
		73F0E4E6192DB74500980F25 /* Thousand Words-Prefix.pch */ = {isa = PBXFileReference; lastKnownFileType = sourcecode.c.h; path = "Thousand Words-Prefix.pch"; sourceTree = "<group>"; };
		73F0E4E7192DB74500980F25 /* TWAppDelegate.h */ = {isa = PBXFileReference; lastKnownFileType = sourcecode.c.h; path = TWAppDelegate.h; sourceTree = "<group>"; };
		73F0E4E8192DB74500980F25 /* TWAppDelegate.m */ = {isa = PBXFileReference; lastKnownFileType = sourcecode.c.objc; path = TWAppDelegate.m; sourceTree = "<group>"; };
		73F0E4EB192DB74500980F25 /* Thousand_Words.xcdatamodel */ = {isa = PBXFileReference; lastKnownFileType = wrapper.xcdatamodel; path = Thousand_Words.xcdatamodel; sourceTree = "<group>"; };
		73F0E4ED192DB74500980F25 /* Images.xcassets */ = {isa = PBXFileReference; lastKnownFileType = folder.assetcatalog; path = Images.xcassets; sourceTree = "<group>"; };
		73F0E4F3192DB74500980F25 /* Thousand WordsTests.xctest */ = {isa = PBXFileReference; explicitFileType = wrapper.cfbundle; includeInIndex = 0; path = "Thousand WordsTests.xctest"; sourceTree = BUILT_PRODUCTS_DIR; };
		73F0E4F4192DB74500980F25 /* XCTest.framework */ = {isa = PBXFileReference; lastKnownFileType = wrapper.framework; name = XCTest.framework; path = Library/Frameworks/XCTest.framework; sourceTree = DEVELOPER_DIR; };
		73F0E4FD192DB74500980F25 /* Thousand WordsTests-Info.plist */ = {isa = PBXFileReference; lastKnownFileType = text.plist.xml; path = "Thousand WordsTests-Info.plist"; sourceTree = "<group>"; };
		73F0E4FF192DB74500980F25 /* en */ = {isa = PBXFileReference; lastKnownFileType = text.plist.strings; name = en; path = en.lproj/InfoPlist.strings; sourceTree = "<group>"; };
		73F0E501192DB74500980F25 /* Thousand_WordsTests.m */ = {isa = PBXFileReference; lastKnownFileType = sourcecode.c.objc; path = Thousand_WordsTests.m; sourceTree = "<group>"; };
		73F0E50B192DB95900980F25 /* Storyboard.storyboard */ = {isa = PBXFileReference; fileEncoding = 4; lastKnownFileType = file.storyboard; path = Storyboard.storyboard; sourceTree = "<group>"; };
		73F0E50D192DB9FA00980F25 /* TWAlbumTableViewController.h */ = {isa = PBXFileReference; fileEncoding = 4; lastKnownFileType = sourcecode.c.h; path = TWAlbumTableViewController.h; sourceTree = "<group>"; };
		73F0E50E192DB9FA00980F25 /* TWAlbumTableViewController.m */ = {isa = PBXFileReference; fileEncoding = 4; lastKnownFileType = sourcecode.c.objc; path = TWAlbumTableViewController.m; sourceTree = "<group>"; };
		73F0E513192DDDB400980F25 /* TWCoreDataHelper.h */ = {isa = PBXFileReference; fileEncoding = 4; lastKnownFileType = sourcecode.c.h; path = TWCoreDataHelper.h; sourceTree = "<group>"; };
		73F0E514192DDDB400980F25 /* TWCoreDataHelper.m */ = {isa = PBXFileReference; fileEncoding = 4; lastKnownFileType = sourcecode.c.objc; path = TWCoreDataHelper.m; sourceTree = "<group>"; };
		73F0E516192DE06D00980F25 /* TWPhotosCollectionViewController.h */ = {isa = PBXFileReference; fileEncoding = 4; lastKnownFileType = sourcecode.c.h; path = TWPhotosCollectionViewController.h; sourceTree = "<group>"; };
		73F0E517192DE06D00980F25 /* TWPhotosCollectionViewController.m */ = {isa = PBXFileReference; fileEncoding = 4; lastKnownFileType = sourcecode.c.objc; path = TWPhotosCollectionViewController.m; sourceTree = "<group>"; };
		73F0E519192DF27F00980F25 /* TWPhotoCollectionViewCell.h */ = {isa = PBXFileReference; fileEncoding = 4; lastKnownFileType = sourcecode.c.h; path = TWPhotoCollectionViewCell.h; sourceTree = "<group>"; };
		73F0E51A192DF27F00980F25 /* TWPhotoCollectionViewCell.m */ = {isa = PBXFileReference; fileEncoding = 4; lastKnownFileType = sourcecode.c.objc; path = TWPhotoCollectionViewCell.m; sourceTree = "<group>"; };
		73F0E51C192DF4A100980F25 /* astronaut.jpg */ = {isa = PBXFileReference; lastKnownFileType = image.jpeg; path = astronaut.jpg; sourceTree = "<group>"; };
/* End PBXFileReference section */

/* Begin PBXFrameworksBuildPhase section */
		73F0E4D0192DB74500980F25 /* Frameworks */ = {
			isa = PBXFrameworksBuildPhase;
			buildActionMask = 2147483647;
			files = (
				73F0E4D9192DB74500980F25 /* CoreGraphics.framework in Frameworks */,
				73F0E4DD192DB74500980F25 /* CoreData.framework in Frameworks */,
				73F0E4DB192DB74500980F25 /* UIKit.framework in Frameworks */,
				73F0E4D7192DB74500980F25 /* Foundation.framework in Frameworks */,
			);
			runOnlyForDeploymentPostprocessing = 0;
		};
		73F0E4F0192DB74500980F25 /* Frameworks */ = {
			isa = PBXFrameworksBuildPhase;
			buildActionMask = 2147483647;
			files = (
				73F0E4F5192DB74500980F25 /* XCTest.framework in Frameworks */,
				73F0E4F8192DB74500980F25 /* CoreData.framework in Frameworks */,
				73F0E4F7192DB74500980F25 /* UIKit.framework in Frameworks */,
				73F0E4F6192DB74500980F25 /* Foundation.framework in Frameworks */,
			);
			runOnlyForDeploymentPostprocessing = 0;
		};
/* End PBXFrameworksBuildPhase section */

/* Begin PBXGroup section */
		73004E02192F1DFD00A3A8F0 /* CoreData */ = {
			isa = PBXGroup;
			children = (
				73F0E4EA192DB74500980F25 /* Thousand_Words.xcdatamodeld */,
				73004DFF192F1DD100A3A8F0 /* Album.h */,
				73004E00192F1DD100A3A8F0 /* Album.m */,
				73004DFC192F1DD100A3A8F0 /* Photo.h */,
				73004DFD192F1DD100A3A8F0 /* Photo.m */,
				73004E03192F1FFF00A3A8F0 /* TWPictureDataTransformer.h */,
				73004E04192F1FFF00A3A8F0 /* TWPictureDataTransformer.m */,
			);
			name = CoreData;
			sourceTree = "<group>";
		};
		73F0E4CA192DB74500980F25 = {
			isa = PBXGroup;
			children = (
				73F0E4DE192DB74500980F25 /* Thousand Words */,
				73F0E4FB192DB74500980F25 /* Thousand WordsTests */,
				73F0E4D5192DB74500980F25 /* Frameworks */,
				73F0E4D4192DB74500980F25 /* Products */,
			);
			sourceTree = "<group>";
		};
		73F0E4D4192DB74500980F25 /* Products */ = {
			isa = PBXGroup;
			children = (
				73F0E4D3192DB74500980F25 /* Thousand Words.app */,
				73F0E4F3192DB74500980F25 /* Thousand WordsTests.xctest */,
			);
			name = Products;
			sourceTree = "<group>";
		};
		73F0E4D5192DB74500980F25 /* Frameworks */ = {
			isa = PBXGroup;
			children = (
				73F0E4D6192DB74500980F25 /* Foundation.framework */,
				73F0E4D8192DB74500980F25 /* CoreGraphics.framework */,
				73F0E4DA192DB74500980F25 /* UIKit.framework */,
				73F0E4DC192DB74500980F25 /* CoreData.framework */,
				73F0E4F4192DB74500980F25 /* XCTest.framework */,
			);
			name = Frameworks;
			sourceTree = "<group>";
		};
		73F0E4DE192DB74500980F25 /* Thousand Words */ = {
			isa = PBXGroup;
			children = (
				73F0E50B192DB95900980F25 /* Storyboard.storyboard */,
				73004E09192F2FAB00A3A8F0 /* TWFiltersCollectionViewController.h */,
				73004E0A192F2FAB00A3A8F0 /* TWFiltersCollectionViewController.m */,
				73004E06192F29A500A3A8F0 /* TWPhotoDetailViewController.h */,
				73004E07192F29A500A3A8F0 /* TWPhotoDetailViewController.m */,
				73F0E519192DF27F00980F25 /* TWPhotoCollectionViewCell.h */,
				73F0E51A192DF27F00980F25 /* TWPhotoCollectionViewCell.m */,
				73F0E516192DE06D00980F25 /* TWPhotosCollectionViewController.h */,
				73F0E517192DE06D00980F25 /* TWPhotosCollectionViewController.m */,
				73F0E50D192DB9FA00980F25 /* TWAlbumTableViewController.h */,
				73F0E50E192DB9FA00980F25 /* TWAlbumTableViewController.m */,
				73F0E513192DDDB400980F25 /* TWCoreDataHelper.h */,
				73F0E514192DDDB400980F25 /* TWCoreDataHelper.m */,
				73F0E4ED192DB74500980F25 /* Images.xcassets */,
				73004E02192F1DFD00A3A8F0 /* CoreData */,
				73F0E4DF192DB74500980F25 /* Supporting Files */,
			);
			path = "Thousand Words";
			sourceTree = "<group>";
		};
		73F0E4DF192DB74500980F25 /* Supporting Files */ = {
			isa = PBXGroup;
			children = (
				73F0E51C192DF4A100980F25 /* astronaut.jpg */,
				73F0E4E7192DB74500980F25 /* TWAppDelegate.h */,
				73F0E4E8192DB74500980F25 /* TWAppDelegate.m */,
				73F0E4E0192DB74500980F25 /* Thousand Words-Info.plist */,
				73F0E4E1192DB74500980F25 /* InfoPlist.strings */,
				73F0E4E4192DB74500980F25 /* main.m */,
				73F0E4E6192DB74500980F25 /* Thousand Words-Prefix.pch */,
			);
			name = "Supporting Files";
			sourceTree = "<group>";
		};
		73F0E4FB192DB74500980F25 /* Thousand WordsTests */ = {
			isa = PBXGroup;
			children = (
				73F0E501192DB74500980F25 /* Thousand_WordsTests.m */,
				73F0E4FC192DB74500980F25 /* Supporting Files */,
			);
			path = "Thousand WordsTests";
			sourceTree = "<group>";
		};
		73F0E4FC192DB74500980F25 /* Supporting Files */ = {
			isa = PBXGroup;
			children = (
				73F0E4FD192DB74500980F25 /* Thousand WordsTests-Info.plist */,
				73F0E4FE192DB74500980F25 /* InfoPlist.strings */,
			);
			name = "Supporting Files";
			sourceTree = "<group>";
		};
/* End PBXGroup section */

/* Begin PBXNativeTarget section */
		73F0E4D2192DB74500980F25 /* Thousand Words */ = {
			isa = PBXNativeTarget;
			buildConfigurationList = 73F0E505192DB74500980F25 /* Build configuration list for PBXNativeTarget "Thousand Words" */;
			buildPhases = (
				73F0E4CF192DB74500980F25 /* Sources */,
				73F0E4D0192DB74500980F25 /* Frameworks */,
				73F0E4D1192DB74500980F25 /* Resources */,
			);
			buildRules = (
			);
			dependencies = (
			);
			name = "Thousand Words";
			productName = "Thousand Words";
			productReference = 73F0E4D3192DB74500980F25 /* Thousand Words.app */;
			productType = "com.apple.product-type.application";
		};
		73F0E4F2192DB74500980F25 /* Thousand WordsTests */ = {
			isa = PBXNativeTarget;
			buildConfigurationList = 73F0E508192DB74500980F25 /* Build configuration list for PBXNativeTarget "Thousand WordsTests" */;
			buildPhases = (
				73F0E4EF192DB74500980F25 /* Sources */,
				73F0E4F0192DB74500980F25 /* Frameworks */,
				73F0E4F1192DB74500980F25 /* Resources */,
			);
			buildRules = (
			);
			dependencies = (
				73F0E4FA192DB74500980F25 /* PBXTargetDependency */,
			);
			name = "Thousand WordsTests";
			productName = "Thousand WordsTests";
			productReference = 73F0E4F3192DB74500980F25 /* Thousand WordsTests.xctest */;
			productType = "com.apple.product-type.bundle.unit-test";
		};
/* End PBXNativeTarget section */

/* Begin PBXProject section */
		73F0E4CB192DB74500980F25 /* Project object */ = {
			isa = PBXProject;
			attributes = {
				CLASSPREFIX = TW;
				LastUpgradeCheck = 0510;
				ORGANIZATIONNAME = "Digital Garage";
				TargetAttributes = {
					73F0E4F2192DB74500980F25 = {
						TestTargetID = 73F0E4D2192DB74500980F25;
					};
				};
			};
			buildConfigurationList = 73F0E4CE192DB74500980F25 /* Build configuration list for PBXProject "Thousand Words" */;
			compatibilityVersion = "Xcode 3.2";
			developmentRegion = English;
			hasScannedForEncodings = 0;
			knownRegions = (
				en,
			);
			mainGroup = 73F0E4CA192DB74500980F25;
			productRefGroup = 73F0E4D4192DB74500980F25 /* Products */;
			projectDirPath = "";
			projectRoot = "";
			targets = (
				73F0E4D2192DB74500980F25 /* Thousand Words */,
				73F0E4F2192DB74500980F25 /* Thousand WordsTests */,
			);
		};
/* End PBXProject section */

/* Begin PBXResourcesBuildPhase section */
		73F0E4D1192DB74500980F25 /* Resources */ = {
			isa = PBXResourcesBuildPhase;
			buildActionMask = 2147483647;
			files = (
				73F0E4E3192DB74500980F25 /* InfoPlist.strings in Resources */,
				73F0E51D192DF4A100980F25 /* astronaut.jpg in Resources */,
				73F0E4EE192DB74500980F25 /* Images.xcassets in Resources */,
				73F0E50C192DB95900980F25 /* Storyboard.storyboard in Resources */,
			);
			runOnlyForDeploymentPostprocessing = 0;
		};
		73F0E4F1192DB74500980F25 /* Resources */ = {
			isa = PBXResourcesBuildPhase;
			buildActionMask = 2147483647;
			files = (
				73F0E500192DB74500980F25 /* InfoPlist.strings in Resources */,
			);
			runOnlyForDeploymentPostprocessing = 0;
		};
/* End PBXResourcesBuildPhase section */

/* Begin PBXSourcesBuildPhase section */
		73F0E4CF192DB74500980F25 /* Sources */ = {
			isa = PBXSourcesBuildPhase;
			buildActionMask = 2147483647;
			files = (
				73F0E4E5192DB74500980F25 /* main.m in Sources */,
				73004E0B192F2FAB00A3A8F0 /* TWFiltersCollectionViewController.m in Sources */,
				73004E05192F1FFF00A3A8F0 /* TWPictureDataTransformer.m in Sources */,
				73F0E518192DE06D00980F25 /* TWPhotosCollectionViewController.m in Sources */,
				73F0E51B192DF27F00980F25 /* TWPhotoCollectionViewCell.m in Sources */,
				73004DFE192F1DD100A3A8F0 /* Photo.m in Sources */,
				73F0E4E9192DB74500980F25 /* TWAppDelegate.m in Sources */,
				73F0E50F192DB9FA00980F25 /* TWAlbumTableViewController.m in Sources */,
				73004E01192F1DD100A3A8F0 /* Album.m in Sources */,
				73004E08192F29A500A3A8F0 /* TWPhotoDetailViewController.m in Sources */,
				73F0E4EC192DB74500980F25 /* Thousand_Words.xcdatamodeld in Sources */,
				73F0E515192DDDB400980F25 /* TWCoreDataHelper.m in Sources */,
			);
			runOnlyForDeploymentPostprocessing = 0;
		};
		73F0E4EF192DB74500980F25 /* Sources */ = {
			isa = PBXSourcesBuildPhase;
			buildActionMask = 2147483647;
			files = (
				73F0E502192DB74500980F25 /* Thousand_WordsTests.m in Sources */,
			);
			runOnlyForDeploymentPostprocessing = 0;
		};
/* End PBXSourcesBuildPhase section */

/* Begin PBXTargetDependency section */
		73F0E4FA192DB74500980F25 /* PBXTargetDependency */ = {
			isa = PBXTargetDependency;
			target = 73F0E4D2192DB74500980F25 /* Thousand Words */;
			targetProxy = 73F0E4F9192DB74500980F25 /* PBXContainerItemProxy */;
		};
/* End PBXTargetDependency section */

/* Begin PBXVariantGroup section */
		73F0E4E1192DB74500980F25 /* InfoPlist.strings */ = {
			isa = PBXVariantGroup;
			children = (
				73F0E4E2192DB74500980F25 /* en */,
			);
			name = InfoPlist.strings;
			sourceTree = "<group>";
		};
		73F0E4FE192DB74500980F25 /* InfoPlist.strings */ = {
			isa = PBXVariantGroup;
			children = (
				73F0E4FF192DB74500980F25 /* en */,
			);
			name = InfoPlist.strings;
			sourceTree = "<group>";
		};
/* End PBXVariantGroup section */

/* Begin XCBuildConfiguration section */
		73F0E503192DB74500980F25 /* Debug */ = {
			isa = XCBuildConfiguration;
			buildSettings = {
				ALWAYS_SEARCH_USER_PATHS = NO;
				CLANG_CXX_LANGUAGE_STANDARD = "gnu++0x";
				CLANG_CXX_LIBRARY = "libc++";
				CLANG_ENABLE_MODULES = YES;
				CLANG_ENABLE_OBJC_ARC = YES;
				CLANG_WARN_BOOL_CONVERSION = YES;
				CLANG_WARN_CONSTANT_CONVERSION = YES;
				CLANG_WARN_DIRECT_OBJC_ISA_USAGE = YES_ERROR;
				CLANG_WARN_EMPTY_BODY = YES;
				CLANG_WARN_ENUM_CONVERSION = YES;
				CLANG_WARN_INT_CONVERSION = YES;
				CLANG_WARN_OBJC_ROOT_CLASS = YES_ERROR;
				CLANG_WARN__DUPLICATE_METHOD_MATCH = YES;
				"CODE_SIGN_IDENTITY[sdk=iphoneos*]" = "iPhone Developer";
				COPY_PHASE_STRIP = NO;
				GCC_C_LANGUAGE_STANDARD = gnu99;
				GCC_DYNAMIC_NO_PIC = NO;
				GCC_OPTIMIZATION_LEVEL = 0;
				GCC_PREPROCESSOR_DEFINITIONS = (
					"DEBUG=1",
					"$(inherited)",
				);
				GCC_SYMBOLS_PRIVATE_EXTERN = NO;
				GCC_WARN_64_TO_32_BIT_CONVERSION = YES;
				GCC_WARN_ABOUT_RETURN_TYPE = YES_ERROR;
				GCC_WARN_UNDECLARED_SELECTOR = YES;
				GCC_WARN_UNINITIALIZED_AUTOS = YES_AGGRESSIVE;
				GCC_WARN_UNUSED_FUNCTION = YES;
				GCC_WARN_UNUSED_VARIABLE = YES;
				IPHONEOS_DEPLOYMENT_TARGET = 7.1;
				ONLY_ACTIVE_ARCH = YES;
				SDKROOT = iphoneos;
			};
			name = Debug;
		};
		73F0E504192DB74500980F25 /* Release */ = {
			isa = XCBuildConfiguration;
			buildSettings = {
				ALWAYS_SEARCH_USER_PATHS = NO;
				CLANG_CXX_LANGUAGE_STANDARD = "gnu++0x";
				CLANG_CXX_LIBRARY = "libc++";
				CLANG_ENABLE_MODULES = YES;
				CLANG_ENABLE_OBJC_ARC = YES;
				CLANG_WARN_BOOL_CONVERSION = YES;
				CLANG_WARN_CONSTANT_CONVERSION = YES;
				CLANG_WARN_DIRECT_OBJC_ISA_USAGE = YES_ERROR;
				CLANG_WARN_EMPTY_BODY = YES;
				CLANG_WARN_ENUM_CONVERSION = YES;
				CLANG_WARN_INT_CONVERSION = YES;
				CLANG_WARN_OBJC_ROOT_CLASS = YES_ERROR;
				CLANG_WARN__DUPLICATE_METHOD_MATCH = YES;
				"CODE_SIGN_IDENTITY[sdk=iphoneos*]" = "iPhone Developer";
				COPY_PHASE_STRIP = YES;
				ENABLE_NS_ASSERTIONS = NO;
				GCC_C_LANGUAGE_STANDARD = gnu99;
				GCC_WARN_64_TO_32_BIT_CONVERSION = YES;
				GCC_WARN_ABOUT_RETURN_TYPE = YES_ERROR;
				GCC_WARN_UNDECLARED_SELECTOR = YES;
				GCC_WARN_UNINITIALIZED_AUTOS = YES_AGGRESSIVE;
				GCC_WARN_UNUSED_FUNCTION = YES;
				GCC_WARN_UNUSED_VARIABLE = YES;
				IPHONEOS_DEPLOYMENT_TARGET = 7.1;
				SDKROOT = iphoneos;
				VALIDATE_PRODUCT = YES;
			};
			name = Release;
		};
		73F0E506192DB74500980F25 /* Debug */ = {
			isa = XCBuildConfiguration;
			buildSettings = {
				ASSETCATALOG_COMPILER_APPICON_NAME = AppIcon;
				ASSETCATALOG_COMPILER_LAUNCHIMAGE_NAME = LaunchImage;
				GCC_PRECOMPILE_PREFIX_HEADER = YES;
				GCC_PREFIX_HEADER = "Thousand Words/Thousand Words-Prefix.pch";
				INFOPLIST_FILE = "Thousand Words/Thousand Words-Info.plist";
				PRODUCT_NAME = "$(TARGET_NAME)";
				WRAPPER_EXTENSION = app;
			};
			name = Debug;
		};
		73F0E507192DB74500980F25 /* Release */ = {
			isa = XCBuildConfiguration;
			buildSettings = {
				ASSETCATALOG_COMPILER_APPICON_NAME = AppIcon;
				ASSETCATALOG_COMPILER_LAUNCHIMAGE_NAME = LaunchImage;
				GCC_PRECOMPILE_PREFIX_HEADER = YES;
				GCC_PREFIX_HEADER = "Thousand Words/Thousand Words-Prefix.pch";
				INFOPLIST_FILE = "Thousand Words/Thousand Words-Info.plist";
				PRODUCT_NAME = "$(TARGET_NAME)";
				WRAPPER_EXTENSION = app;
			};
			name = Release;
		};
		73F0E509192DB74500980F25 /* Debug */ = {
			isa = XCBuildConfiguration;
			buildSettings = {
				BUNDLE_LOADER = "$(BUILT_PRODUCTS_DIR)/Thousand Words.app/Thousand Words";
				FRAMEWORK_SEARCH_PATHS = (
					"$(SDKROOT)/Developer/Library/Frameworks",
					"$(inherited)",
					"$(DEVELOPER_FRAMEWORKS_DIR)",
				);
				GCC_PRECOMPILE_PREFIX_HEADER = YES;
				GCC_PREFIX_HEADER = "Thousand Words/Thousand Words-Prefix.pch";
				GCC_PREPROCESSOR_DEFINITIONS = (
					"DEBUG=1",
					"$(inherited)",
				);
				INFOPLIST_FILE = "Thousand WordsTests/Thousand WordsTests-Info.plist";
				PRODUCT_NAME = "$(TARGET_NAME)";
				TEST_HOST = "$(BUNDLE_LOADER)";
				WRAPPER_EXTENSION = xctest;
			};
			name = Debug;
		};
		73F0E50A192DB74500980F25 /* Release */ = {
			isa = XCBuildConfiguration;
			buildSettings = {
				BUNDLE_LOADER = "$(BUILT_PRODUCTS_DIR)/Thousand Words.app/Thousand Words";
				FRAMEWORK_SEARCH_PATHS = (
					"$(SDKROOT)/Developer/Library/Frameworks",
					"$(inherited)",
					"$(DEVELOPER_FRAMEWORKS_DIR)",
				);
				GCC_PRECOMPILE_PREFIX_HEADER = YES;
				GCC_PREFIX_HEADER = "Thousand Words/Thousand Words-Prefix.pch";
				INFOPLIST_FILE = "Thousand WordsTests/Thousand WordsTests-Info.plist";
				PRODUCT_NAME = "$(TARGET_NAME)";
				TEST_HOST = "$(BUNDLE_LOADER)";
				WRAPPER_EXTENSION = xctest;
			};
			name = Release;
		};
/* End XCBuildConfiguration section */

/* Begin XCConfigurationList section */
		73F0E4CE192DB74500980F25 /* Build configuration list for PBXProject "Thousand Words" */ = {
			isa = XCConfigurationList;
			buildConfigurations = (
				73F0E503192DB74500980F25 /* Debug */,
				73F0E504192DB74500980F25 /* Release */,
			);
			defaultConfigurationIsVisible = 0;
			defaultConfigurationName = Release;
		};
		73F0E505192DB74500980F25 /* Build configuration list for PBXNativeTarget "Thousand Words" */ = {
			isa = XCConfigurationList;
			buildConfigurations = (
				73F0E506192DB74500980F25 /* Debug */,
				73F0E507192DB74500980F25 /* Release */,
			);
			defaultConfigurationIsVisible = 0;
			defaultConfigurationName = Release;
		};
		73F0E508192DB74500980F25 /* Build configuration list for PBXNativeTarget "Thousand WordsTests" */ = {
			isa = XCConfigurationList;
			buildConfigurations = (
				73F0E509192DB74500980F25 /* Debug */,
				73F0E50A192DB74500980F25 /* Release */,
			);
			defaultConfigurationIsVisible = 0;
			defaultConfigurationName = Release;
		};
/* End XCConfigurationList section */

/* Begin XCVersionGroup section */
		73F0E4EA192DB74500980F25 /* Thousand_Words.xcdatamodeld */ = {
			isa = XCVersionGroup;
			children = (
				73F0E4EB192DB74500980F25 /* Thousand_Words.xcdatamodel */,
			);
			currentVersion = 73F0E4EB192DB74500980F25 /* Thousand_Words.xcdatamodel */;
			path = Thousand_Words.xcdatamodeld;
			sourceTree = "<group>";
			versionGroupType = wrapper.xcdatamodel;
		};
/* End XCVersionGroup section */
	};
	rootObject = 73F0E4CB192DB74500980F25 /* Project object */;
}
